
Microsoft Visual Studio Solution File, Format Version 12.00
# Visual Studio Version 17
VisualStudioVersion = 17.12.35424.110 d17.12
MinimumVisualStudioVersion = 10.0.40219.1
Project("{8BC9CEB8-8B4A-11D0-8D11-00A0C91BC942}") = "ctrltest", "ctrltest\ctrltest.vcxproj", "{BAEC778D-C8C1-4E8D-810E-21C78331B238}"
EndProject
Project("{8BC9CEB8-8B4A-11D0-8D11-00A0C91BC942}") = "ctrltestLib", "ctrltestLib\ctrltestLib.vcxproj", "{2EEAF8E1-8B7F-40DB-B366-02D078BAE624}"
EndProject
Global
	GlobalSection(SolutionConfigurationPlatforms) = preSolution
		Debug|ARM64 = Debug|ARM64
		Debug|x64 = Debug|x64
		Debug|x86 = Debug|x86
		Release|ARM64 = Release|ARM64
		Release|x64 = Release|x64
		Release|x86 = Release|x86
	EndGlobalSection
	GlobalSection(ProjectConfigurationPlatforms) = postSolution
		{BAEC778D-C8C1-4E8D-810E-21C78331B238}.Debug|ARM64.ActiveCfg = Debug|ARM64
		{BAEC778D-C8C1-4E8D-810E-21C78331B238}.Debug|ARM64.Build.0 = Debug|ARM64
		{BAEC778D-C8C1-4E8D-810E-21C78331B238}.Debug|ARM64.Deploy.0 = Debug|ARM64
		{BAEC778D-C8C1-4E8D-810E-21C78331B238}.Debug|x64.ActiveCfg = Debug|x64
		{BAEC778D-C8C1-4E8D-810E-21C78331B238}.Debug|x64.Build.0 = Debug|x64
		{BAEC778D-C8C1-4E8D-810E-21C78331B238}.Debug|x64.Deploy.0 = Debug|x64
		{BAEC778D-C8C1-4E8D-810E-21C78331B238}.Debug|x86.ActiveCfg = Debug|Win32
		{BAEC778D-C8C1-4E8D-810E-21C78331B238}.Debug|x86.Build.0 = Debug|Win32
		{BAEC778D-C8C1-4E8D-810E-21C78331B238}.Debug|x86.Deploy.0 = Debug|Win32
		{BAEC778D-C8C1-4E8D-810E-21C78331B238}.Release|ARM64.ActiveCfg = Release|ARM64
		{BAEC778D-C8C1-4E8D-810E-21C78331B238}.Release|ARM64.Build.0 = Release|ARM64
		{BAEC778D-C8C1-4E8D-810E-21C78331B238}.Release|ARM64.Deploy.0 = Release|ARM64
		{BAEC778D-C8C1-4E8D-810E-21C78331B238}.Release|x64.ActiveCfg = Release|x64
		{BAEC778D-C8C1-4E8D-810E-21C78331B238}.Release|x64.Build.0 = Release|x64
		{BAEC778D-C8C1-4E8D-810E-21C78331B238}.Release|x64.Deploy.0 = Release|x64
		{BAEC778D-C8C1-4E8D-810E-21C78331B238}.Release|x86.ActiveCfg = Release|Win32
		{BAEC778D-C8C1-4E8D-810E-21C78331B238}.Release|x86.Build.0 = Release|Win32
		{BAEC778D-C8C1-4E8D-810E-21C78331B238}.Release|x86.Deploy.0 = Release|Win32
		{2EEAF8E1-8B7F-40DB-B366-02D078BAE624}.Debug|ARM64.ActiveCfg = Debug|x64
		{2EEAF8E1-8B7F-40DB-B366-02D078BAE624}.Debug|ARM64.Build.0 = Debug|x64
		{2EEAF8E1-8B7F-40DB-B366-02D078BAE624}.Debug|x64.ActiveCfg = Debug|x64
		{2EEAF8E1-8B7F-40DB-B366-02D078BAE624}.Debug|x64.Build.0 = Debug|x64
		{2EEAF8E1-8B7F-40DB-B366-02D078BAE624}.Debug|x86.ActiveCfg = Debug|Win32
		{2EEAF8E1-8B7F-40DB-B366-02D078BAE624}.Debug|x86.Build.0 = Debug|Win32
		{2EEAF8E1-8B7F-40DB-B366-02D078BAE624}.Release|ARM64.ActiveCfg = Release|x64
		{2EEAF8E1-8B7F-40DB-B366-02D078BAE624}.Release|ARM64.Build.0 = Release|x64
		{2EEAF8E1-8B7F-40DB-B366-02D078BAE624}.Release|x64.ActiveCfg = Release|x64
		{2EEAF8E1-8B7F-40DB-B366-02D078BAE624}.Release|x64.Build.0 = Release|x64
		{2EEAF8E1-8B7F-40DB-B366-02D078BAE624}.Release|x86.ActiveCfg = Release|Win32
		{2EEAF8E1-8B7F-40DB-B366-02D078BAE624}.Release|x86.Build.0 = Release|Win32
	EndGlobalSection
	GlobalSection(SolutionProperties) = preSolution
		HideSolutionNode = FALSE
	EndGlobalSection
EndGlobal
