<?xml version="1.0" encoding="utf-8"?>
<Project ToolsVersion="4.0" xmlns="http://schemas.microsoft.com/developer/msbuild/2003">
  <ItemGroup>
    <Filter Include="Source Files">
      <UniqueIdentifier>{543fe86d-ee62-44db-858f-bdc18b3f3491}</UniqueIdentifier>
      <Extensions>cpp;c;cxx;def;r;odl;hpj;bat;for;f90</Extensions>
    </Filter>
    <Filter Include="Header Files">
      <UniqueIdentifier>{5459f05f-c995-49f0-b03e-755b80739e0e}</UniqueIdentifier>
      <Extensions>h;hpp;hxx;inl;fi;fd</Extensions>
    </Filter>
    <Filter Include="Resource Files">
      <UniqueIdentifier>{04a4681f-dff4-448e-8e0e-e3f791349b9e}</UniqueIdentifier>
      <Extensions>rc;ico;cur;bmp;dlg;rc2;rct;cnt;rtf;gif;jpg;jpeg;jpe</Extensions>
    </Filter>
  </ItemGroup>
  <ItemGroup>
    <ClCompile Include="bbutton.cpp">
      <Filter>Source Files</Filter>
    </ClCompile>
    <ClCompile Include="ctrltest.cpp">
      <Filter>Source Files</Filter>
    </ClCompile>
    <ClCompile Include="custlist.cpp">
      <Filter>Source Files</Filter>
    </ClCompile>
    <ClCompile Include="custmenu.cpp">
      <Filter>Source Files</Filter>
    </ClCompile>
    <ClCompile Include="dertest.cpp">
      <Filter>Source Files</Filter>
    </ClCompile>
    <ClCompile Include="paredit.cpp">
      <Filter>Source Files</Filter>
    </ClCompile>
    <ClCompile Include="paredit2.cpp">
      <Filter>Source Files</Filter>
    </ClCompile>
    <ClCompile Include="spintest.cpp">
      <Filter>Source Files</Filter>
    </ClCompile>
    <ClCompile Include="stdafx.cpp">
      <Filter>Source Files</Filter>
    </ClCompile>
    <ClCompile Include="subtest.cpp">
      <Filter>Source Files</Filter>
    </ClCompile>
    <ClCompile Include="wclstest.cpp">
      <Filter>Source Files</Filter>
    </ClCompile>
  </ItemGroup>
  <ItemGroup>
    <ClInclude Include="ctrltest.h">
      <Filter>Header Files</Filter>
    </ClInclude>
    <ClInclude Include="paredit.h">
      <Filter>Header Files</Filter>
    </ClInclude>
    <ClInclude Include="stdafx.h">
      <Filter>Header Files</Filter>
    </ClInclude>
  </ItemGroup>
  <ItemGroup>
    <Image Include="res\canceld.bmp">
      <Filter>Resource Files</Filter>
    </Image>
    <Image Include="res\cancelf.bmp">
      <Filter>Resource Files</Filter>
    </Image>
    <Image Include="res\cancelu.bmp">
      <Filter>Resource Files</Filter>
    </Image>
    <Image Include="res\ctrltest.ico">
      <Filter>Resource Files</Filter>
    </Image>
    <Image Include="res\image1d.bmp">
      <Filter>Resource Files</Filter>
    </Image>
    <Image Include="res\image1f.bmp">
      <Filter>Resource Files</Filter>
    </Image>
    <Image Include="res\image1u.bmp">
      <Filter>Resource Files</Filter>
    </Image>
    <Image Include="res\image2d.bmp">
      <Filter>Resource Files</Filter>
    </Image>
    <Image Include="res\image2f.bmp">
      <Filter>Resource Files</Filter>
    </Image>
    <Image Include="res\image2u.bmp">
      <Filter>Resource Files</Filter>
    </Image>
    <Image Include="res\nextd.bmp">
      <Filter>Resource Files</Filter>
    </Image>
    <Image Include="res\nextf.bmp">
      <Filter>Resource Files</Filter>
    </Image>
    <Image Include="res\nextu.bmp">
      <Filter>Resource Files</Filter>
    </Image>
    <Image Include="res\nextx.bmp">
      <Filter>Resource Files</Filter>
    </Image>
    <Image Include="res\okd.bmp">
      <Filter>Resource Files</Filter>
    </Image>
    <Image Include="res\okf.bmp">
      <Filter>Resource Files</Filter>
    </Image>
    <Image Include="res\oku.bmp">
      <Filter>Resource Files</Filter>
    </Image>
    <Image Include="res\prevd.bmp">
      <Filter>Resource Files</Filter>
    </Image>
    <Image Include="res\prevf.bmp">
      <Filter>Resource Files</Filter>
    </Image>
    <Image Include="res\prevu.bmp">
      <Filter>Resource Files</Filter>
    </Image>
    <Image Include="res\prevx.bmp">
      <Filter>Resource Files</Filter>
    </Image>
  </ItemGroup>
  <ItemGroup>
    <ResourceCompile Include="ctrltest.rc">
      <Filter>Resource Files</Filter>
    </ResourceCompile>
  </ItemGroup>
  <ItemGroup>
    <None Include="res\ctrltest.rc2">
      <Filter>Resource Files</Filter>
    </None>
    <None Include="ReadMe.htm" />
  </ItemGroup>
</Project>